
Microsoft Visual Studio Solution File, Format Version 12.00
Project("{FAE04EC0-301F-11D3-BF4B-00C04F79EFBC}") = "AuthorAPI", "AuthorAPI\AuthorAPI.csproj", "{535B6620-3F3C-4F1B-B837-81025E81D20D}"
EndProject
Project("{FAE04EC0-301F-11D3-BF4B-00C04F79EFBC}") = "AuthorBlazor", "AuthorBlazor\AuthorBlazor.csproj", "{275ABCFD-706D-4DB2-9537-CF53069480A9}"
EndProject
Global
	GlobalSection(SolutionConfigurationPlatforms) = preSolution
		Debug|Any CPU = Debug|Any CPU
		Release|Any CPU = Release|Any CPU
	EndGlobalSection
	GlobalSection(ProjectConfigurationPlatforms) = postSolution
		{535B6620-3F3C-4F1B-B837-81025E81D20D}.Debug|Any CPU.ActiveCfg = Debug|Any CPU
		{535B6620-3F3C-4F1B-B837-81025E81D20D}.Debug|Any CPU.Build.0 = Debug|Any CPU
		{535B6620-3F3C-4F1B-B837-81025E81D20D}.Release|Any CPU.ActiveCfg = Release|Any CPU
		{535B6620-3F3C-4F1B-B837-81025E81D20D}.Release|Any CPU.Build.0 = Release|Any CPU
		{275ABCFD-706D-4DB2-9537-CF53069480A9}.Debug|Any CPU.ActiveCfg = Debug|Any CPU
		{275ABCFD-706D-4DB2-9537-CF53069480A9}.Debug|Any CPU.Build.0 = Debug|Any CPU
		{275ABCFD-706D-4DB2-9537-CF53069480A9}.Release|Any CPU.ActiveCfg = Release|Any CPU
		{275ABCFD-706D-4DB2-9537-CF53069480A9}.Release|Any CPU.Build.0 = Release|Any CPU
	EndGlobalSection
EndGlobal
